
Microsoft Visual Studio Solution File, Format Version 12.00
# Visual Studio Version 17
VisualStudioVersion = 17.2.32526.322
MinimumVisualStudioVersion = 10.0.40219.1
Project("{9A19103F-16F7-4668-BE54-9A1E7A4F7556}") = "PacktLibrary", "PacktLibrary\PacktLibrary.csproj", "{EFB1F826-3E54-491D-851C-C08FFB85D91B}"
EndProject
Project("{9A19103F-16F7-4668-BE54-9A1E7A4F7556}") = "PeopleApp", "PeopleApp\PeopleApp.csproj", "{49C1EE09-3DBE-4742-A360-30BD35785237}"
EndProject
Project("{9A19103F-16F7-4668-BE54-9A1E7A4F7556}") = "NullableHandling", "NullableHandling\NullableHandling.csproj", "{C3E7C0BA-FE7E-40B5-8FDB-B3CA29251B3A}"
EndProject
Project("{9A19103F-16F7-4668-BE54-9A1E7A4F7556}") = "CodeAnalyzing", "CodeAnalyzing\CodeAnalyzing.csproj", "{3D126414-229F-4A5E-9FA4-BCC0D8E44357}"
EndProject
Project("{FAE04EC0-301F-11D3-BF4B-00C04F79EFBC}") = "Exercise02", "Exercise02\Exercise02.csproj", "{5B883CE3-1C74-4E9B-B548-6C9AF806F2C5}"
EndProject
Global
	GlobalSection(SolutionConfigurationPlatforms) = preSolution
		Debug|Any CPU = Debug|Any CPU
		Release|Any CPU = Release|Any CPU
	EndGlobalSection
	GlobalSection(ProjectConfigurationPlatforms) = postSolution
		{EFB1F826-3E54-491D-851C-C08FFB85D91B}.Debug|Any CPU.ActiveCfg = Debug|Any CPU
		{EFB1F826-3E54-491D-851C-C08FFB85D91B}.Debug|Any CPU.Build.0 = Debug|Any CPU
		{EFB1F826-3E54-491D-851C-C08FFB85D91B}.Release|Any CPU.ActiveCfg = Release|Any CPU
		{EFB1F826-3E54-491D-851C-C08FFB85D91B}.Release|Any CPU.Build.0 = Release|Any CPU
		{49C1EE09-3DBE-4742-A360-30BD35785237}.Debug|Any CPU.ActiveCfg = Debug|Any CPU
		{49C1EE09-3DBE-4742-A360-30BD35785237}.Debug|Any CPU.Build.0 = Debug|Any CPU
		{49C1EE09-3DBE-4742-A360-30BD35785237}.Release|Any CPU.ActiveCfg = Release|Any CPU
		{49C1EE09-3DBE-4742-A360-30BD35785237}.Release|Any CPU.Build.0 = Release|Any CPU
		{C3E7C0BA-FE7E-40B5-8FDB-B3CA29251B3A}.Debug|Any CPU.ActiveCfg = Debug|Any CPU
		{C3E7C0BA-FE7E-40B5-8FDB-B3CA29251B3A}.Debug|Any CPU.Build.0 = Debug|Any CPU
		{C3E7C0BA-FE7E-40B5-8FDB-B3CA29251B3A}.Release|Any CPU.ActiveCfg = Release|Any CPU
		{C3E7C0BA-FE7E-40B5-8FDB-B3CA29251B3A}.Release|Any CPU.Build.0 = Release|Any CPU
		{3D126414-229F-4A5E-9FA4-BCC0D8E44357}.Debug|Any CPU.ActiveCfg = Debug|Any CPU
		{3D126414-229F-4A5E-9FA4-BCC0D8E44357}.Debug|Any CPU.Build.0 = Debug|Any CPU
		{3D126414-229F-4A5E-9FA4-BCC0D8E44357}.Release|Any CPU.ActiveCfg = Release|Any CPU
		{3D126414-229F-4A5E-9FA4-BCC0D8E44357}.Release|Any CPU.Build.0 = Release|Any CPU
		{5B883CE3-1C74-4E9B-B548-6C9AF806F2C5}.Debug|Any CPU.ActiveCfg = Debug|Any CPU
		{5B883CE3-1C74-4E9B-B548-6C9AF806F2C5}.Debug|Any CPU.Build.0 = Debug|Any CPU
		{5B883CE3-1C74-4E9B-B548-6C9AF806F2C5}.Release|Any CPU.ActiveCfg = Release|Any CPU
		{5B883CE3-1C74-4E9B-B548-6C9AF806F2C5}.Release|Any CPU.Build.0 = Release|Any CPU
	EndGlobalSection
	GlobalSection(SolutionProperties) = preSolution
		HideSolutionNode = FALSE
	EndGlobalSection
	GlobalSection(ExtensibilityGlobals) = postSolution
		SolutionGuid = {F85BA1FF-8CC6-4C4C-8BA7-1144FD9CFC45}
	EndGlobalSection
EndGlobal
