
Microsoft Visual Studio Solution File, Format Version 12.00
# Visual Studio Version 17
VisualStudioVersion = 17.2.32526.322
MinimumVisualStudioVersion = 10.0.40219.1
Project("{9A19103F-16F7-4668-BE54-9A1E7A4F7556}") = "Operators", "Operators\Operators.csproj", "{57B6A5E8-AE91-4617-8999-0DBE0D4DA5E2}"
EndProject
Project("{9A19103F-16F7-4668-BE54-9A1E7A4F7556}") = "BooleanOperators", "BooleanOperators\BooleanOperators.csproj", "{3D43C37E-DB3B-48D7-B76F-3ACA229B311E}"
EndProject
Project("{9A19103F-16F7-4668-BE54-9A1E7A4F7556}") = "BitwiseAndShiftOperators", "BitwiseAndShiftOperators\BitwiseAndShiftOperators.csproj", "{EC11690C-8F0B-424F-8D34-BAED3A2819B6}"
EndProject
Project("{FAE04EC0-301F-11D3-BF4B-00C04F79EFBC}") = "SelectionStatements", "SelectionStatements\SelectionStatements.csproj", "{4489B1C2-428A-4C71-8034-15508BA6C4E9}"
EndProject
Project("{FAE04EC0-301F-11D3-BF4B-00C04F79EFBC}") = "IterationStatements", "IterationStatements\IterationStatements.csproj", "{983E18D5-8822-4386-BA2C-C54DDB7DFF30}"
EndProject
Project("{FAE04EC0-301F-11D3-BF4B-00C04F79EFBC}") = "CastingConverting", "CastingConverting\CastingConverting.csproj", "{1D5F1883-3E7C-4A8E-BCB5-1EE84CCE388C}"
EndProject
Project("{FAE04EC0-301F-11D3-BF4B-00C04F79EFBC}") = "HandlingExceptions", "HandlingExceptions\HandlingExceptions.csproj", "{F91DE312-2A96-47E9-95F2-CE8181DDEFEE}"
EndProject
Project("{FAE04EC0-301F-11D3-BF4B-00C04F79EFBC}") = "CheckingForOverflow", "CheckingForOverflow\CheckingForOverflow.csproj", "{C900FD90-59D6-4C3E-A5E4-FB41D3E5E94A}"
EndProject
Global
	GlobalSection(SolutionConfigurationPlatforms) = preSolution
		Debug|Any CPU = Debug|Any CPU
		Release|Any CPU = Release|Any CPU
	EndGlobalSection
	GlobalSection(ProjectConfigurationPlatforms) = postSolution
		{57B6A5E8-AE91-4617-8999-0DBE0D4DA5E2}.Debug|Any CPU.ActiveCfg = Debug|Any CPU
		{57B6A5E8-AE91-4617-8999-0DBE0D4DA5E2}.Debug|Any CPU.Build.0 = Debug|Any CPU
		{57B6A5E8-AE91-4617-8999-0DBE0D4DA5E2}.Release|Any CPU.ActiveCfg = Release|Any CPU
		{57B6A5E8-AE91-4617-8999-0DBE0D4DA5E2}.Release|Any CPU.Build.0 = Release|Any CPU
		{3D43C37E-DB3B-48D7-B76F-3ACA229B311E}.Debug|Any CPU.ActiveCfg = Debug|Any CPU
		{3D43C37E-DB3B-48D7-B76F-3ACA229B311E}.Debug|Any CPU.Build.0 = Debug|Any CPU
		{3D43C37E-DB3B-48D7-B76F-3ACA229B311E}.Release|Any CPU.ActiveCfg = Release|Any CPU
		{3D43C37E-DB3B-48D7-B76F-3ACA229B311E}.Release|Any CPU.Build.0 = Release|Any CPU
		{EC11690C-8F0B-424F-8D34-BAED3A2819B6}.Debug|Any CPU.ActiveCfg = Debug|Any CPU
		{EC11690C-8F0B-424F-8D34-BAED3A2819B6}.Debug|Any CPU.Build.0 = Debug|Any CPU
		{EC11690C-8F0B-424F-8D34-BAED3A2819B6}.Release|Any CPU.ActiveCfg = Release|Any CPU
		{EC11690C-8F0B-424F-8D34-BAED3A2819B6}.Release|Any CPU.Build.0 = Release|Any CPU
		{4489B1C2-428A-4C71-8034-15508BA6C4E9}.Debug|Any CPU.ActiveCfg = Debug|Any CPU
		{4489B1C2-428A-4C71-8034-15508BA6C4E9}.Debug|Any CPU.Build.0 = Debug|Any CPU
		{4489B1C2-428A-4C71-8034-15508BA6C4E9}.Release|Any CPU.ActiveCfg = Release|Any CPU
		{4489B1C2-428A-4C71-8034-15508BA6C4E9}.Release|Any CPU.Build.0 = Release|Any CPU
		{983E18D5-8822-4386-BA2C-C54DDB7DFF30}.Debug|Any CPU.ActiveCfg = Debug|Any CPU
		{983E18D5-8822-4386-BA2C-C54DDB7DFF30}.Debug|Any CPU.Build.0 = Debug|Any CPU
		{983E18D5-8822-4386-BA2C-C54DDB7DFF30}.Release|Any CPU.ActiveCfg = Release|Any CPU
		{983E18D5-8822-4386-BA2C-C54DDB7DFF30}.Release|Any CPU.Build.0 = Release|Any CPU
		{1D5F1883-3E7C-4A8E-BCB5-1EE84CCE388C}.Debug|Any CPU.ActiveCfg = Debug|Any CPU
		{1D5F1883-3E7C-4A8E-BCB5-1EE84CCE388C}.Debug|Any CPU.Build.0 = Debug|Any CPU
		{1D5F1883-3E7C-4A8E-BCB5-1EE84CCE388C}.Release|Any CPU.ActiveCfg = Release|Any CPU
		{1D5F1883-3E7C-4A8E-BCB5-1EE84CCE388C}.Release|Any CPU.Build.0 = Release|Any CPU
		{F91DE312-2A96-47E9-95F2-CE8181DDEFEE}.Debug|Any CPU.ActiveCfg = Debug|Any CPU
		{F91DE312-2A96-47E9-95F2-CE8181DDEFEE}.Debug|Any CPU.Build.0 = Debug|Any CPU
		{F91DE312-2A96-47E9-95F2-CE8181DDEFEE}.Release|Any CPU.ActiveCfg = Release|Any CPU
		{F91DE312-2A96-47E9-95F2-CE8181DDEFEE}.Release|Any CPU.Build.0 = Release|Any CPU
		{C900FD90-59D6-4C3E-A5E4-FB41D3E5E94A}.Debug|Any CPU.ActiveCfg = Debug|Any CPU
		{C900FD90-59D6-4C3E-A5E4-FB41D3E5E94A}.Debug|Any CPU.Build.0 = Debug|Any CPU
		{C900FD90-59D6-4C3E-A5E4-FB41D3E5E94A}.Release|Any CPU.ActiveCfg = Release|Any CPU
		{C900FD90-59D6-4C3E-A5E4-FB41D3E5E94A}.Release|Any CPU.Build.0 = Release|Any CPU
	EndGlobalSection
	GlobalSection(SolutionProperties) = preSolution
		HideSolutionNode = FALSE
	EndGlobalSection
	GlobalSection(ExtensibilityGlobals) = postSolution
		SolutionGuid = {DA59BC37-A863-41B0-BA46-C112FE3F8BDF}
	EndGlobalSection
EndGlobal
